
Microsoft Visual Studio Solution File, Format Version 12.00
# Visual Studio Version 17
VisualStudioVersion = 17.5.33502.453
MinimumVisualStudioVersion = 10.0.40219.1
Project("{9A19103F-16F7-4668-BE54-9A1E7A4F7556}") = "1_Anonimus_Method", "1_Anonimus_Method\1_Anonimus_Method.csproj", "{8E010F5D-34B4-46CD-8331-382CC2B9E0DE}"
EndProject
Project("{9A19103F-16F7-4668-BE54-9A1E7A4F7556}") = "2_Lambda_Method_Anonimus", "2_Lambda_Method_Anonimus\2_Lambda_Method_Anonimus.csproj", "{4943A88A-A5ED-460B-95EE-62411765F1F9}"
EndProject
Project("{9A19103F-16F7-4668-BE54-9A1E7A4F7556}") = "4_Lambda_As_Method_Parametr", "4_Lambda_As_Method_Parametr\4_Lambda_As_Method_Parametr.csproj", "{671880C2-F630-404D-9702-D3DD34B07B63}"
EndProject
Project("{9A19103F-16F7-4668-BE54-9A1E7A4F7556}") = "5_Extension_Methods", "..\ConsoleApp12\Extension_Methods\5_Extension_Methods.csproj", "{B4E88C67-2B9F-4BE0-B478-DAA678ED345C}"
EndProject
Project("{9A19103F-16F7-4668-BE54-9A1E7A4F7556}") = "6_Event_Anonimus_Lambda", "6_Event_Anonimus_Lambda\6_Event_Anonimus_Lambda.csproj", "{1EFC9EA1-BD2D-478A-A452-9481B9DA032B}"
EndProject
Project("{9A19103F-16F7-4668-BE54-9A1E7A4F7556}") = "7_Records", "7_Records\7_Records.csproj", "{FE8E37FC-12CD-4124-AB99-7E00A0F5B77C}"
EndProject
Global
	GlobalSection(SolutionConfigurationPlatforms) = preSolution
		Debug|Any CPU = Debug|Any CPU
		Release|Any CPU = Release|Any CPU
	EndGlobalSection
	GlobalSection(ProjectConfigurationPlatforms) = postSolution
		{8E010F5D-34B4-46CD-8331-382CC2B9E0DE}.Debug|Any CPU.ActiveCfg = Debug|Any CPU
		{8E010F5D-34B4-46CD-8331-382CC2B9E0DE}.Debug|Any CPU.Build.0 = Debug|Any CPU
		{8E010F5D-34B4-46CD-8331-382CC2B9E0DE}.Release|Any CPU.ActiveCfg = Release|Any CPU
		{8E010F5D-34B4-46CD-8331-382CC2B9E0DE}.Release|Any CPU.Build.0 = Release|Any CPU
		{4943A88A-A5ED-460B-95EE-62411765F1F9}.Debug|Any CPU.ActiveCfg = Debug|Any CPU
		{4943A88A-A5ED-460B-95EE-62411765F1F9}.Debug|Any CPU.Build.0 = Debug|Any CPU
		{4943A88A-A5ED-460B-95EE-62411765F1F9}.Release|Any CPU.ActiveCfg = Release|Any CPU
		{4943A88A-A5ED-460B-95EE-62411765F1F9}.Release|Any CPU.Build.0 = Release|Any CPU
		{671880C2-F630-404D-9702-D3DD34B07B63}.Debug|Any CPU.ActiveCfg = Debug|Any CPU
		{671880C2-F630-404D-9702-D3DD34B07B63}.Debug|Any CPU.Build.0 = Debug|Any CPU
		{671880C2-F630-404D-9702-D3DD34B07B63}.Release|Any CPU.ActiveCfg = Release|Any CPU
		{671880C2-F630-404D-9702-D3DD34B07B63}.Release|Any CPU.Build.0 = Release|Any CPU
		{B4E88C67-2B9F-4BE0-B478-DAA678ED345C}.Debug|Any CPU.ActiveCfg = Debug|Any CPU
		{B4E88C67-2B9F-4BE0-B478-DAA678ED345C}.Debug|Any CPU.Build.0 = Debug|Any CPU
		{B4E88C67-2B9F-4BE0-B478-DAA678ED345C}.Release|Any CPU.ActiveCfg = Release|Any CPU
		{B4E88C67-2B9F-4BE0-B478-DAA678ED345C}.Release|Any CPU.Build.0 = Release|Any CPU
		{1EFC9EA1-BD2D-478A-A452-9481B9DA032B}.Debug|Any CPU.ActiveCfg = Debug|Any CPU
		{1EFC9EA1-BD2D-478A-A452-9481B9DA032B}.Debug|Any CPU.Build.0 = Debug|Any CPU
		{1EFC9EA1-BD2D-478A-A452-9481B9DA032B}.Release|Any CPU.ActiveCfg = Release|Any CPU
		{1EFC9EA1-BD2D-478A-A452-9481B9DA032B}.Release|Any CPU.Build.0 = Release|Any CPU
		{FE8E37FC-12CD-4124-AB99-7E00A0F5B77C}.Debug|Any CPU.ActiveCfg = Debug|Any CPU
		{FE8E37FC-12CD-4124-AB99-7E00A0F5B77C}.Debug|Any CPU.Build.0 = Debug|Any CPU
		{FE8E37FC-12CD-4124-AB99-7E00A0F5B77C}.Release|Any CPU.ActiveCfg = Release|Any CPU
		{FE8E37FC-12CD-4124-AB99-7E00A0F5B77C}.Release|Any CPU.Build.0 = Release|Any CPU
	EndGlobalSection
	GlobalSection(SolutionProperties) = preSolution
		HideSolutionNode = FALSE
	EndGlobalSection
	GlobalSection(ExtensibilityGlobals) = postSolution
		SolutionGuid = {EA7FD5F0-CD5F-4AFC-B139-972239AD3CE7}
	EndGlobalSection
EndGlobal
